
Microsoft Visual Studio Solution File, Format Version 12.00
# Visual Studio Version 16
VisualStudioVersion = 16.0.30413.136
MinimumVisualStudioVersion = 10.0.40219.1
Project("{FAE04EC0-301F-11D3-BF4B-00C04F79EFBC}") = "SwaggerDemo", "SwaggerDemo.csproj", "{DD92BC22-3CD7-459A-A8AB-BC4A67F9C15B}"
EndProject
Global
	GlobalSection(SolutionConfigurationPlatforms) = preSolution
		Debug|Any CPU = Debug|Any CPU
		Release|Any CPU = Release|Any CPU
	EndGlobalSection
	GlobalSection(ProjectConfigurationPlatforms) = postSolution
		{DD92BC22-3CD7-459A-A8AB-BC4A67F9C15B}.Debug|Any CPU.ActiveCfg = Debug|Any CPU
		{DD92BC22-3CD7-459A-A8AB-BC4A67F9C15B}.Debug|Any CPU.Build.0 = Debug|Any CPU
		{DD92BC22-3CD7-459A-A8AB-BC4A67F9C15B}.Release|Any CPU.ActiveCfg = Release|Any CPU
		{DD92BC22-3CD7-459A-A8AB-BC4A67F9C15B}.Release|Any CPU.Build.0 = Release|Any CPU
	EndGlobalSection
	GlobalSection(SolutionProperties) = preSolution
		HideSolutionNode = FALSE
	EndGlobalSection
	GlobalSection(ExtensibilityGlobals) = postSolution
		SolutionGuid = {5341073D-ECF8-4377-A9EE-6A154504A8E2}
	EndGlobalSection
EndGlobal
